# THIS IS AN AUTOGENERATED FILE. DO NOT EDIT THIS FILE DIRECTLY.
# yarn lockfile v1


supabase.wasm@^1.0.0:
  version "1.0.0"
  resolved "https://registry.yarnpkg.com/supabase.wasm/-/supabase.wasm-1.0.0.tgz#85521bc4e39585da842b12b73ca6aabd97cf62a7"
  integrity sha512-6bDYWGDON3U1/iQoJcRWwMVk4eUwa0iXJ9iBFsPq54LvdcMUtknpEBAwaaUQEpHJMArwePty6ITrcIfSjwshSQ==
